
Microsoft Visual Studio Solution File, Format Version 12.00
# Visual Studio 14
VisualStudioVersion = 14.0.23107.0
MinimumVisualStudioVersion = 10.0.40219.1
Project("{FAE04EC0-301F-11D3-BF4B-00C04F79EFBC}") = "Bootcamp20.API", "Bootcamp20.API\Bootcamp20.API.csproj", "{29485ECB-5B0D-44F7-8D42-273AAE2590E0}"
EndProject
Project("{FAE04EC0-301F-11D3-BF4B-00C04F79EFBC}") = "Bootcamp20.DataAccess", "DataAccess\Bootcamp20.DataAccess.csproj", "{6FDD21F9-6398-47B3-9ACD-42835DF02317}"
EndProject
Project("{FAE04EC0-301F-11D3-BF4B-00C04F79EFBC}") = "Bootcamp20.Common", "Bootcamp20.API.Common\Bootcamp20.Common.csproj", "{CE3B4C6A-7F49-4913-B505-E04E4EEB77DC}"
EndProject
Project("{FAE04EC0-301F-11D3-BF4B-00C04F79EFBC}") = "Bootcamp20.BussineesLogic", "Bootcamp20.API.BussineesLogic\Bootcamp20.BussineesLogic.csproj", "{B0C28D2E-4268-4CD3-A137-028B5557A461}"
EndProject
Project("{FAE04EC0-301F-11D3-BF4B-00C04F79EFBC}") = "Bootcamp20.Client", "Bootcamp20.Client\Bootcamp20.Client.csproj", "{7E931823-E6F3-461F-8B36-866BBA3009CB}"
EndProject
Global
	GlobalSection(SolutionConfigurationPlatforms) = preSolution
		Debug|Any CPU = Debug|Any CPU
		Release|Any CPU = Release|Any CPU
	EndGlobalSection
	GlobalSection(ProjectConfigurationPlatforms) = postSolution
		{29485ECB-5B0D-44F7-8D42-273AAE2590E0}.Debug|Any CPU.ActiveCfg = Debug|Any CPU
		{29485ECB-5B0D-44F7-8D42-273AAE2590E0}.Debug|Any CPU.Build.0 = Debug|Any CPU
		{29485ECB-5B0D-44F7-8D42-273AAE2590E0}.Release|Any CPU.ActiveCfg = Release|Any CPU
		{29485ECB-5B0D-44F7-8D42-273AAE2590E0}.Release|Any CPU.Build.0 = Release|Any CPU
		{6FDD21F9-6398-47B3-9ACD-42835DF02317}.Debug|Any CPU.ActiveCfg = Debug|Any CPU
		{6FDD21F9-6398-47B3-9ACD-42835DF02317}.Debug|Any CPU.Build.0 = Debug|Any CPU
		{6FDD21F9-6398-47B3-9ACD-42835DF02317}.Release|Any CPU.ActiveCfg = Release|Any CPU
		{6FDD21F9-6398-47B3-9ACD-42835DF02317}.Release|Any CPU.Build.0 = Release|Any CPU
		{CE3B4C6A-7F49-4913-B505-E04E4EEB77DC}.Debug|Any CPU.ActiveCfg = Debug|Any CPU
		{CE3B4C6A-7F49-4913-B505-E04E4EEB77DC}.Debug|Any CPU.Build.0 = Debug|Any CPU
		{CE3B4C6A-7F49-4913-B505-E04E4EEB77DC}.Release|Any CPU.ActiveCfg = Release|Any CPU
		{CE3B4C6A-7F49-4913-B505-E04E4EEB77DC}.Release|Any CPU.Build.0 = Release|Any CPU
		{B0C28D2E-4268-4CD3-A137-028B5557A461}.Debug|Any CPU.ActiveCfg = Debug|Any CPU
		{B0C28D2E-4268-4CD3-A137-028B5557A461}.Debug|Any CPU.Build.0 = Debug|Any CPU
		{B0C28D2E-4268-4CD3-A137-028B5557A461}.Release|Any CPU.ActiveCfg = Release|Any CPU
		{B0C28D2E-4268-4CD3-A137-028B5557A461}.Release|Any CPU.Build.0 = Release|Any CPU
		{7E931823-E6F3-461F-8B36-866BBA3009CB}.Debug|Any CPU.ActiveCfg = Debug|Any CPU
		{7E931823-E6F3-461F-8B36-866BBA3009CB}.Debug|Any CPU.Build.0 = Debug|Any CPU
		{7E931823-E6F3-461F-8B36-866BBA3009CB}.Release|Any CPU.ActiveCfg = Release|Any CPU
		{7E931823-E6F3-461F-8B36-866BBA3009CB}.Release|Any CPU.Build.0 = Release|Any CPU
	EndGlobalSection
	GlobalSection(SolutionProperties) = preSolution
		HideSolutionNode = FALSE
	EndGlobalSection
EndGlobal
